
Microsoft Visual Studio Solution File, Format Version 12.00
# Visual Studio Version 16
VisualStudioVersion = 16.0.31729.503
MinimumVisualStudioVersion = 10.0.40219.1
Project("{F184B08F-C81C-45F6-A57F-5ABD9991F28F}") = "WinFormsApp1", "WinFormsApp1\WinFormsApp1.vbproj", "{42F8BD7B-7FED-4E5C-8989-B1F8D6A83AE4}"
EndProject
Global
	GlobalSection(SolutionConfigurationPlatforms) = preSolution
		Debug|Any CPU = Debug|Any CPU
		Release|Any CPU = Release|Any CPU
	EndGlobalSection
	GlobalSection(ProjectConfigurationPlatforms) = postSolution
		{42F8BD7B-7FED-4E5C-8989-B1F8D6A83AE4}.Debug|Any CPU.ActiveCfg = Debug|Any CPU
		{42F8BD7B-7FED-4E5C-8989-B1F8D6A83AE4}.Debug|Any CPU.Build.0 = Debug|Any CPU
		{42F8BD7B-7FED-4E5C-8989-B1F8D6A83AE4}.Release|Any CPU.ActiveCfg = Release|Any CPU
		{42F8BD7B-7FED-4E5C-8989-B1F8D6A83AE4}.Release|Any CPU.Build.0 = Release|Any CPU
	EndGlobalSection
	GlobalSection(SolutionProperties) = preSolution
		HideSolutionNode = FALSE
	EndGlobalSection
	GlobalSection(ExtensibilityGlobals) = postSolution
		SolutionGuid = {A1AD767A-E66E-4A3C-8362-04DF4DBBD523}
	EndGlobalSection
EndGlobal
